
Microsoft Visual Studio Solution File, Format Version 12.00
# Visual Studio 15
VisualStudioVersion = 15.0.28307.645
MinimumVisualStudioVersion = 10.0.40219.1
Project("{FAE04EC0-301F-11D3-BF4B-00C04F79EFBC}") = "OnlineVehicleRentalSystem", "OnlineVehicleRentalSystem\OnlineVehicleRentalSystem.csproj", "{EB184780-EF8B-4243-850D-6154542B34FF}"
EndProject
Global
	GlobalSection(SolutionConfigurationPlatforms) = preSolution
		Debug|Any CPU = Debug|Any CPU
		Release|Any CPU = Release|Any CPU
	EndGlobalSection
	GlobalSection(ProjectConfigurationPlatforms) = postSolution
		{EB184780-EF8B-4243-850D-6154542B34FF}.Debug|Any CPU.ActiveCfg = Debug|Any CPU
		{EB184780-EF8B-4243-850D-6154542B34FF}.Debug|Any CPU.Build.0 = Debug|Any CPU
		{EB184780-EF8B-4243-850D-6154542B34FF}.Release|Any CPU.ActiveCfg = Release|Any CPU
		{EB184780-EF8B-4243-850D-6154542B34FF}.Release|Any CPU.Build.0 = Release|Any CPU
	EndGlobalSection
	GlobalSection(SolutionProperties) = preSolution
		HideSolutionNode = FALSE
	EndGlobalSection
	GlobalSection(ExtensibilityGlobals) = postSolution
		SolutionGuid = {5A2826C4-27BD-4B01-8DED-59CD4C3612DD}
	EndGlobalSection
EndGlobal
